hash: 4e52ba006f324bae4f861d87f1192052f6f6cf8e89c70ac6458add23c62d9399
updated: 2016-04-01T15:32:43.171065822-07:00
imports:
- name: github.com/alecthomas/template
  version: 14fd436dd20c3cc65242a9f396b61bfc8a3926fc
  subpackages:
  - parse
- name: github.com/alecthomas/units
  version: 2efee857e7cfd4f3d0138cc3cbb1b4966962b93a
- name: github.com/cyberdelia/go-metrics-graphite
  version: 7e54b5c2aa6eaff4286c44129c3def899dff528c
- name: github.com/kavu/go_reuseport
  version: 2f58a54622faa72a50c527a7414af012f70d3871
- name: github.com/rcrowley/go-metrics
  version: 51425a2415d21afadfd55cd93432c0bc69e9598d
- name: github.com/square/go-sq-metrics
  version: aa0d35a0f853f2366a932149f7ed0930d6cd64e2
- name: github.com/stretchr/testify
  version: 9f9027faeb0dad515336ed2f28317f9f8f527ab4
  subpackages:
  - assert
- name: golang.org/x/crypto
  version: 1f22c0103821b9390939b6776727195525381532
  subpackages:
  - pkcs12
  - pkcs12/internal/rc2
- name: gopkg.in/alecthomas/kingpin.v2
  version: 8cccfa8eb2e3183254457fb1749b2667fbc364c7
devImports: []
